
Microsoft Visual Studio Solution File, Format Version 12.00
# Visual Studio 14
VisualStudioVersion = 14.0.25420.1
MinimumVisualStudioVersion = 10.0.40219.1
Project("{FAE04EC0-301F-11D3-BF4B-00C04F79EFBC}") = "ElencyConfig", "elencyConfig\ElencyConfig.csproj", "{A0E46CFF-E1BB-4CCC-9A80-3A984B0B736A}"
EndProject
Project("{FAE04EC0-301F-11D3-BF4B-00C04F79EFBC}") = "ElencyConfig.Tests", "elencyConfig.tests\ElencyConfig.Tests.csproj", "{0854E8AD-BAA4-4EEE-A32A-2615AF483973}"
EndProject
Global
	GlobalSection(SolutionConfigurationPlatforms) = preSolution
		Debug|Any CPU = Debug|Any CPU
		Release|Any CPU = Release|Any CPU
	EndGlobalSection
	GlobalSection(ProjectConfigurationPlatforms) = postSolution
		{A0E46CFF-E1BB-4CCC-9A80-3A984B0B736A}.Debug|Any CPU.ActiveCfg = Debug|Any CPU
		{A0E46CFF-E1BB-4CCC-9A80-3A984B0B736A}.Debug|Any CPU.Build.0 = Debug|Any CPU
		{A0E46CFF-E1BB-4CCC-9A80-3A984B0B736A}.Release|Any CPU.ActiveCfg = Release|Any CPU
		{A0E46CFF-E1BB-4CCC-9A80-3A984B0B736A}.Release|Any CPU.Build.0 = Release|Any CPU
		{0854E8AD-BAA4-4EEE-A32A-2615AF483973}.Debug|Any CPU.ActiveCfg = Debug|Any CPU
		{0854E8AD-BAA4-4EEE-A32A-2615AF483973}.Debug|Any CPU.Build.0 = Debug|Any CPU
		{0854E8AD-BAA4-4EEE-A32A-2615AF483973}.Release|Any CPU.ActiveCfg = Release|Any CPU
		{0854E8AD-BAA4-4EEE-A32A-2615AF483973}.Release|Any CPU.Build.0 = Release|Any CPU
	EndGlobalSection
	GlobalSection(SolutionProperties) = preSolution
		HideSolutionNode = FALSE
	EndGlobalSection
EndGlobal
